
Microsoft Visual Studio Solution File, Format Version 12.00
# Visual Studio Version 16
VisualStudioVersion = 16.0.31205.134
MinimumVisualStudioVersion = 10.0.40219.1
Project("{FAE04EC0-301F-11D3-BF4B-00C04F79EFBC}") = "Task01", "GB-01-05\Task01.csproj", "{4484FE8E-1967-4A4E-B358-0FDF0337571C}"
EndProject
Project("{FAE04EC0-301F-11D3-BF4B-00C04F79EFBC}") = "Task02", "Task02\Task02.csproj", "{EDE701C1-A3A0-4C5C-90E7-A2E55E448956}"
EndProject
Global
	GlobalSection(SolutionConfigurationPlatforms) = preSolution
		Debug|Any CPU = Debug|Any CPU
		Release|Any CPU = Release|Any CPU
	EndGlobalSection
	GlobalSection(ProjectConfigurationPlatforms) = postSolution
		{4484FE8E-1967-4A4E-B358-0FDF0337571C}.Debug|Any CPU.ActiveCfg = Debug|Any CPU
		{4484FE8E-1967-4A4E-B358-0FDF0337571C}.Debug|Any CPU.Build.0 = Debug|Any CPU
		{4484FE8E-1967-4A4E-B358-0FDF0337571C}.Release|Any CPU.ActiveCfg = Release|Any CPU
		{4484FE8E-1967-4A4E-B358-0FDF0337571C}.Release|Any CPU.Build.0 = Release|Any CPU
		{EDE701C1-A3A0-4C5C-90E7-A2E55E448956}.Debug|Any CPU.ActiveCfg = Debug|Any CPU
		{EDE701C1-A3A0-4C5C-90E7-A2E55E448956}.Debug|Any CPU.Build.0 = Debug|Any CPU
		{EDE701C1-A3A0-4C5C-90E7-A2E55E448956}.Release|Any CPU.ActiveCfg = Release|Any CPU
		{EDE701C1-A3A0-4C5C-90E7-A2E55E448956}.Release|Any CPU.Build.0 = Release|Any CPU
	EndGlobalSection
	GlobalSection(SolutionProperties) = preSolution
		HideSolutionNode = FALSE
	EndGlobalSection
	GlobalSection(ExtensibilityGlobals) = postSolution
		SolutionGuid = {B2789D08-53E3-4621-8767-F55211CDE79D}
	EndGlobalSection
EndGlobal
